
Microsoft Visual Studio Solution File, Format Version 12.00
# Visual Studio 15
VisualStudioVersion = 15.0.28307.421
MinimumVisualStudioVersion = 10.0.40219.1
Project("{9A19103F-16F7-4668-BE54-9A1E7A4F7556}") = "MRMongoTools", "MRMongoTools\MRMongoTools.csproj", "{9EB3BDB1-90A1-442E-994A-A3FB6C552347}"
EndProject
Project("{9A19103F-16F7-4668-BE54-9A1E7A4F7556}") = "Tests", "Tests\Tests.csproj", "{0179761F-EF1C-469B-A468-701122BAD30E}"
EndProject
Global
	GlobalSection(SolutionConfigurationPlatforms) = preSolution
		Debug|Any CPU = Debug|Any CPU
		Release|Any CPU = Release|Any CPU
	EndGlobalSection
	GlobalSection(ProjectConfigurationPlatforms) = postSolution
		{9EB3BDB1-90A1-442E-994A-A3FB6C552347}.Debug|Any CPU.ActiveCfg = Debug|Any CPU
		{9EB3BDB1-90A1-442E-994A-A3FB6C552347}.Debug|Any CPU.Build.0 = Debug|Any CPU
		{9EB3BDB1-90A1-442E-994A-A3FB6C552347}.Release|Any CPU.ActiveCfg = Release|Any CPU
		{9EB3BDB1-90A1-442E-994A-A3FB6C552347}.Release|Any CPU.Build.0 = Release|Any CPU
		{0179761F-EF1C-469B-A468-701122BAD30E}.Debug|Any CPU.ActiveCfg = Debug|Any CPU
		{0179761F-EF1C-469B-A468-701122BAD30E}.Debug|Any CPU.Build.0 = Debug|Any CPU
		{0179761F-EF1C-469B-A468-701122BAD30E}.Release|Any CPU.ActiveCfg = Release|Any CPU
		{0179761F-EF1C-469B-A468-701122BAD30E}.Release|Any CPU.Build.0 = Release|Any CPU
	EndGlobalSection
	GlobalSection(SolutionProperties) = preSolution
		HideSolutionNode = FALSE
	EndGlobalSection
	GlobalSection(ExtensibilityGlobals) = postSolution
		SolutionGuid = {9DEE6B7D-27E3-418A-99B4-28C26AD87F52}
	EndGlobalSection
EndGlobal
